
Microsoft Visual Studio Solution File, Format Version 12.00
# Visual Studio Version 17
VisualStudioVersion = 17.0.31912.275
MinimumVisualStudioVersion = 10.0.40219.1
Project("{9A19103F-16F7-4668-BE54-9A1E7A4F7556}") = "Phoenix.Identity", "Phoenix.Identity\Phoenix.Identity.csproj", "{CF301C05-3905-4707-B23D-683B57DD0640}"
EndProject
Project("{9A19103F-16F7-4668-BE54-9A1E7A4F7556}") = "Phoenix.Web", "Phoenix.Web\Phoenix.Web.csproj", "{1B372BEF-E213-43A0-8A54-DD63DE16FCFB}"
	ProjectSection(ProjectDependencies) = postProject
		{CF301C05-3905-4707-B23D-683B57DD0640} = {CF301C05-3905-4707-B23D-683B57DD0640}
	EndProjectSection
EndProject
Project("{9A19103F-16F7-4668-BE54-9A1E7A4F7556}") = "Phoenix.Infrastructure", "Phoenix.Infrastructure\Phoenix.Infrastructure.csproj", "{00DE43B3-A3D6-4D26-BF47-D84D352ED4A1}"
EndProject
Project("{2150E333-8FDC-42A3-9474-1A3956D46DE8}") = "Solution Items", "Solution Items", "{6708F0F3-C47B-4C50-972A-851B431583F4}"
	ProjectSection(SolutionItems) = preProject
		GenerateMainDatabase.sql = GenerateMainDatabase.sql
		GenerateUserDatabase.sql = GenerateUserDatabase.sql
	EndProjectSection
EndProject
Global
	GlobalSection(SolutionConfigurationPlatforms) = preSolution
		Debug|Any CPU = Debug|Any CPU
		Release|Any CPU = Release|Any CPU
	EndGlobalSection
	GlobalSection(ProjectConfigurationPlatforms) = postSolution
		{CF301C05-3905-4707-B23D-683B57DD0640}.Debug|Any CPU.ActiveCfg = Debug|Any CPU
		{CF301C05-3905-4707-B23D-683B57DD0640}.Debug|Any CPU.Build.0 = Debug|Any CPU
		{CF301C05-3905-4707-B23D-683B57DD0640}.Release|Any CPU.ActiveCfg = Release|Any CPU
		{CF301C05-3905-4707-B23D-683B57DD0640}.Release|Any CPU.Build.0 = Release|Any CPU
		{1B372BEF-E213-43A0-8A54-DD63DE16FCFB}.Debug|Any CPU.ActiveCfg = Debug|Any CPU
		{1B372BEF-E213-43A0-8A54-DD63DE16FCFB}.Debug|Any CPU.Build.0 = Debug|Any CPU
		{1B372BEF-E213-43A0-8A54-DD63DE16FCFB}.Release|Any CPU.ActiveCfg = Release|Any CPU
		{1B372BEF-E213-43A0-8A54-DD63DE16FCFB}.Release|Any CPU.Build.0 = Release|Any CPU
		{00DE43B3-A3D6-4D26-BF47-D84D352ED4A1}.Debug|Any CPU.ActiveCfg = Debug|Any CPU
		{00DE43B3-A3D6-4D26-BF47-D84D352ED4A1}.Debug|Any CPU.Build.0 = Debug|Any CPU
		{00DE43B3-A3D6-4D26-BF47-D84D352ED4A1}.Release|Any CPU.ActiveCfg = Release|Any CPU
		{00DE43B3-A3D6-4D26-BF47-D84D352ED4A1}.Release|Any CPU.Build.0 = Release|Any CPU
	EndGlobalSection
	GlobalSection(SolutionProperties) = preSolution
		HideSolutionNode = FALSE
	EndGlobalSection
	GlobalSection(ExtensibilityGlobals) = postSolution
		SolutionGuid = {19FD12D4-6248-4731-AE53-92CCB9DB0FD6}
	EndGlobalSection
EndGlobal
